
Microsoft Visual Studio Solution File, Format Version 12.00
# Visual Studio Version 16
VisualStudioVersion = 16.0.30717.126
MinimumVisualStudioVersion = 10.0.40219.1
Project("{FAE04EC0-301F-11D3-BF4B-00C04F79EFBC}") = "Question2", "Question2\Question2.csproj", "{C37AEB70-0D90-4E5E-9CB6-BFA6E42FDC4A}"
EndProject
Global
	GlobalSection(SolutionConfigurationPlatforms) = preSolution
		Debug|Any CPU = Debug|Any CPU
		Release|Any CPU = Release|Any CPU
	EndGlobalSection
	GlobalSection(ProjectConfigurationPlatforms) = postSolution
		{C37AEB70-0D90-4E5E-9CB6-BFA6E42FDC4A}.Debug|Any CPU.ActiveCfg = Debug|Any CPU
		{C37AEB70-0D90-4E5E-9CB6-BFA6E42FDC4A}.Debug|Any CPU.Build.0 = Debug|Any CPU
		{C37AEB70-0D90-4E5E-9CB6-BFA6E42FDC4A}.Release|Any CPU.ActiveCfg = Release|Any CPU
		{C37AEB70-0D90-4E5E-9CB6-BFA6E42FDC4A}.Release|Any CPU.Build.0 = Release|Any CPU
	EndGlobalSection
	GlobalSection(SolutionProperties) = preSolution
		HideSolutionNode = FALSE
	EndGlobalSection
	GlobalSection(ExtensibilityGlobals) = postSolution
		SolutionGuid = {4D5CB1CD-7A88-4D00-93D9-920EC7C40340}
	EndGlobalSection
EndGlobal
