
Microsoft Visual Studio Solution File, Format Version 12.00
# Visual Studio Version 16
VisualStudioVersion = 16.0.30717.126
MinimumVisualStudioVersion = 10.0.40219.1
Project("{FAE04EC0-301F-11D3-BF4B-00C04F79EFBC}") = "IntegerFun", "IntegerFun\IntegerFun.csproj", "{209D118B-C048-44E6-8EBD-2F33E5FD156D}"
EndProject
Global
	GlobalSection(SolutionConfigurationPlatforms) = preSolution
		Debug|Any CPU = Debug|Any CPU
		Release|Any CPU = Release|Any CPU
	EndGlobalSection
	GlobalSection(ProjectConfigurationPlatforms) = postSolution
		{209D118B-C048-44E6-8EBD-2F33E5FD156D}.Debug|Any CPU.ActiveCfg = Debug|Any CPU
		{209D118B-C048-44E6-8EBD-2F33E5FD156D}.Debug|Any CPU.Build.0 = Debug|Any CPU
		{209D118B-C048-44E6-8EBD-2F33E5FD156D}.Release|Any CPU.ActiveCfg = Release|Any CPU
		{209D118B-C048-44E6-8EBD-2F33E5FD156D}.Release|Any CPU.Build.0 = Release|Any CPU
	EndGlobalSection
	GlobalSection(SolutionProperties) = preSolution
		HideSolutionNode = FALSE
	EndGlobalSection
	GlobalSection(ExtensibilityGlobals) = postSolution
		SolutionGuid = {F4C7F299-35AA-46AD-816E-59E171D4BA1E}
	EndGlobalSection
EndGlobal
